
Microsoft Visual Studio Solution File, Format Version 12.00
# Visual Studio Version 17
VisualStudioVersion = 17.5.002.0
MinimumVisualStudioVersion = 10.0.40219.1
Project("{9A19103F-16F7-4668-BE54-9A1E7A4F7556}") = "Seminar1", "Seminar1\Seminar1.csproj", "{3C3E877F-DC1D-4576-B0E8-1032C8153F8C}"
EndProject
Project("{2150E333-8FDC-42A3-9474-1A3956D46DE8}") = "lesson1", "lesson1", "{764FD3E8-8998-4801-8B5D-CF6AB158EAE6}"
EndProject
Project("{9A19103F-16F7-4668-BE54-9A1E7A4F7556}") = "Task1", "lesson1\Task1\Task1.csproj", "{947F3720-4639-49C9-B73E-EEDB8054601E}"
EndProject
Project("{9A19103F-16F7-4668-BE54-9A1E7A4F7556}") = "Task6", "lesson1\Task6\Task6.csproj", "{C84ED031-10F7-418D-8039-E0C46686C191}"
EndProject
Project("{9A19103F-16F7-4668-BE54-9A1E7A4F7556}") = "Task3", "lesson1\Task3\Task3.csproj", "{B77497EB-C5BE-4F5B-917E-FDD5285C900C}"
EndProject
Project("{9A19103F-16F7-4668-BE54-9A1E7A4F7556}") = "Task4", "lesson1\Task4\Task4.csproj", "{AD787F40-9E0C-4A4E-BE50-389AB3B35822}"
EndProject
Project("{9A19103F-16F7-4668-BE54-9A1E7A4F7556}") = "Task5", "lesson1\Task5\Task5.csproj", "{5F615F1E-33AA-4DF5-A583-020EF6FD7028}"
EndProject
Project("{9A19103F-16F7-4668-BE54-9A1E7A4F7556}") = "Task2", "lesson1\Task2\Task2.csproj", "{3F7AAFD0-86B1-4408-9C56-3B1EBCCE73FE}"
EndProject
Global
	GlobalSection(SolutionConfigurationPlatforms) = preSolution
		Debug|Any CPU = Debug|Any CPU
		Release|Any CPU = Release|Any CPU
	EndGlobalSection
	GlobalSection(ProjectConfigurationPlatforms) = postSolution
		{3C3E877F-DC1D-4576-B0E8-1032C8153F8C}.Debug|Any CPU.ActiveCfg = Debug|Any CPU
		{3C3E877F-DC1D-4576-B0E8-1032C8153F8C}.Debug|Any CPU.Build.0 = Debug|Any CPU
		{3C3E877F-DC1D-4576-B0E8-1032C8153F8C}.Release|Any CPU.ActiveCfg = Release|Any CPU
		{3C3E877F-DC1D-4576-B0E8-1032C8153F8C}.Release|Any CPU.Build.0 = Release|Any CPU
		{947F3720-4639-49C9-B73E-EEDB8054601E}.Debug|Any CPU.ActiveCfg = Debug|Any CPU
		{947F3720-4639-49C9-B73E-EEDB8054601E}.Debug|Any CPU.Build.0 = Debug|Any CPU
		{947F3720-4639-49C9-B73E-EEDB8054601E}.Release|Any CPU.ActiveCfg = Release|Any CPU
		{947F3720-4639-49C9-B73E-EEDB8054601E}.Release|Any CPU.Build.0 = Release|Any CPU
		{C84ED031-10F7-418D-8039-E0C46686C191}.Debug|Any CPU.ActiveCfg = Debug|Any CPU
		{C84ED031-10F7-418D-8039-E0C46686C191}.Debug|Any CPU.Build.0 = Debug|Any CPU
		{C84ED031-10F7-418D-8039-E0C46686C191}.Release|Any CPU.ActiveCfg = Release|Any CPU
		{C84ED031-10F7-418D-8039-E0C46686C191}.Release|Any CPU.Build.0 = Release|Any CPU
		{B77497EB-C5BE-4F5B-917E-FDD5285C900C}.Debug|Any CPU.ActiveCfg = Debug|Any CPU
		{B77497EB-C5BE-4F5B-917E-FDD5285C900C}.Debug|Any CPU.Build.0 = Debug|Any CPU
		{B77497EB-C5BE-4F5B-917E-FDD5285C900C}.Release|Any CPU.ActiveCfg = Release|Any CPU
		{B77497EB-C5BE-4F5B-917E-FDD5285C900C}.Release|Any CPU.Build.0 = Release|Any CPU
		{AD787F40-9E0C-4A4E-BE50-389AB3B35822}.Debug|Any CPU.ActiveCfg = Debug|Any CPU
		{AD787F40-9E0C-4A4E-BE50-389AB3B35822}.Debug|Any CPU.Build.0 = Debug|Any CPU
		{AD787F40-9E0C-4A4E-BE50-389AB3B35822}.Release|Any CPU.ActiveCfg = Release|Any CPU
		{AD787F40-9E0C-4A4E-BE50-389AB3B35822}.Release|Any CPU.Build.0 = Release|Any CPU
		{5F615F1E-33AA-4DF5-A583-020EF6FD7028}.Debug|Any CPU.ActiveCfg = Debug|Any CPU
		{5F615F1E-33AA-4DF5-A583-020EF6FD7028}.Debug|Any CPU.Build.0 = Debug|Any CPU
		{5F615F1E-33AA-4DF5-A583-020EF6FD7028}.Release|Any CPU.ActiveCfg = Release|Any CPU
		{5F615F1E-33AA-4DF5-A583-020EF6FD7028}.Release|Any CPU.Build.0 = Release|Any CPU
		{3F7AAFD0-86B1-4408-9C56-3B1EBCCE73FE}.Debug|Any CPU.ActiveCfg = Debug|Any CPU
		{3F7AAFD0-86B1-4408-9C56-3B1EBCCE73FE}.Debug|Any CPU.Build.0 = Debug|Any CPU
		{3F7AAFD0-86B1-4408-9C56-3B1EBCCE73FE}.Release|Any CPU.ActiveCfg = Release|Any CPU
		{3F7AAFD0-86B1-4408-9C56-3B1EBCCE73FE}.Release|Any CPU.Build.0 = Release|Any CPU
	EndGlobalSection
	GlobalSection(SolutionProperties) = preSolution
		HideSolutionNode = FALSE
	EndGlobalSection
	GlobalSection(NestedProjects) = preSolution
		{947F3720-4639-49C9-B73E-EEDB8054601E} = {764FD3E8-8998-4801-8B5D-CF6AB158EAE6}
		{C84ED031-10F7-418D-8039-E0C46686C191} = {764FD3E8-8998-4801-8B5D-CF6AB158EAE6}
		{B77497EB-C5BE-4F5B-917E-FDD5285C900C} = {764FD3E8-8998-4801-8B5D-CF6AB158EAE6}
		{AD787F40-9E0C-4A4E-BE50-389AB3B35822} = {764FD3E8-8998-4801-8B5D-CF6AB158EAE6}
		{5F615F1E-33AA-4DF5-A583-020EF6FD7028} = {764FD3E8-8998-4801-8B5D-CF6AB158EAE6}
		{3F7AAFD0-86B1-4408-9C56-3B1EBCCE73FE} = {764FD3E8-8998-4801-8B5D-CF6AB158EAE6}
	EndGlobalSection
	GlobalSection(ExtensibilityGlobals) = postSolution
		SolutionGuid = {78BBEA19-D362-474E-BD78-9979D3224E57}
	EndGlobalSection
EndGlobal
